
Microsoft Visual Studio Solution File, Format Version 12.00
# Visual Studio 14
VisualStudioVersion = 14.0.25420.1
MinimumVisualStudioVersion = 10.0.40219.1
Project("{FAE04EC0-301F-11D3-BF4B-00C04F79EFBC}") = "ImageSeriesClustering.ConsoleApplication", "ImageSeriesClustering.ConsoleApplication\ImageSeriesClustering.ConsoleApplication.csproj", "{4374B4DF-D11F-4842-9884-908EF583E0CF}"
EndProject
Project("{FAE04EC0-301F-11D3-BF4B-00C04F79EFBC}") = "ImageSeriesClustering.Algorithem", "ImageSeriesClustering.Algorithem\ImageSeriesClustering.Algorithem.csproj", "{903E55B4-55BB-416F-B5A6-2424865735A9}"
EndProject
Project("{FAE04EC0-301F-11D3-BF4B-00C04F79EFBC}") = "ImageSeriesClustering.Tests.Unit", "ImageSeriesClustering.Tests.Unit\ImageSeriesClustering.Tests.Unit.csproj", "{80EF5DCA-88BC-4D57-87E7-88CBDC61433E}"
EndProject
Project("{FAE04EC0-301F-11D3-BF4B-00C04F79EFBC}") = "ImageSeriesClustering.ImageTagger", "ImageSeriesClustering.ImageTagger\ImageSeriesClustering.ImageTagger.csproj", "{624FB9C6-0C8C-437C-A834-5EC85FF43DDD}"
EndProject
Project("{FAE04EC0-301F-11D3-BF4B-00C04F79EFBC}") = "ImageSeriesClustering.Server", "ImageSeriesClustering.Server\ImageSeriesClustering.Server.csproj", "{5111D237-D27A-450F-94E1-CAA25A2D65C0}"
EndProject
Project("{FAE04EC0-301F-11D3-BF4B-00C04F79EFBC}") = "ImageSeriesClustering.Core", "ImageSeriesClustering.Core\ImageSeriesClustering.Core.csproj", "{62BD0772-A936-43B9-964F-C8B0524866A4}"
EndProject
Global
	GlobalSection(SolutionConfigurationPlatforms) = preSolution
		Debug|Any CPU = Debug|Any CPU
		Release|Any CPU = Release|Any CPU
	EndGlobalSection
	GlobalSection(ProjectConfigurationPlatforms) = postSolution
		{4374B4DF-D11F-4842-9884-908EF583E0CF}.Debug|Any CPU.ActiveCfg = Debug|Any CPU
		{4374B4DF-D11F-4842-9884-908EF583E0CF}.Debug|Any CPU.Build.0 = Debug|Any CPU
		{4374B4DF-D11F-4842-9884-908EF583E0CF}.Release|Any CPU.ActiveCfg = Release|Any CPU
		{4374B4DF-D11F-4842-9884-908EF583E0CF}.Release|Any CPU.Build.0 = Release|Any CPU
		{903E55B4-55BB-416F-B5A6-2424865735A9}.Debug|Any CPU.ActiveCfg = Debug|Any CPU
		{903E55B4-55BB-416F-B5A6-2424865735A9}.Debug|Any CPU.Build.0 = Debug|Any CPU
		{903E55B4-55BB-416F-B5A6-2424865735A9}.Release|Any CPU.ActiveCfg = Release|Any CPU
		{903E55B4-55BB-416F-B5A6-2424865735A9}.Release|Any CPU.Build.0 = Release|Any CPU
		{80EF5DCA-88BC-4D57-87E7-88CBDC61433E}.Debug|Any CPU.ActiveCfg = Debug|Any CPU
		{80EF5DCA-88BC-4D57-87E7-88CBDC61433E}.Debug|Any CPU.Build.0 = Debug|Any CPU
		{80EF5DCA-88BC-4D57-87E7-88CBDC61433E}.Release|Any CPU.ActiveCfg = Release|Any CPU
		{80EF5DCA-88BC-4D57-87E7-88CBDC61433E}.Release|Any CPU.Build.0 = Release|Any CPU
		{624FB9C6-0C8C-437C-A834-5EC85FF43DDD}.Debug|Any CPU.ActiveCfg = Debug|Any CPU
		{624FB9C6-0C8C-437C-A834-5EC85FF43DDD}.Debug|Any CPU.Build.0 = Debug|Any CPU
		{624FB9C6-0C8C-437C-A834-5EC85FF43DDD}.Release|Any CPU.ActiveCfg = Release|Any CPU
		{624FB9C6-0C8C-437C-A834-5EC85FF43DDD}.Release|Any CPU.Build.0 = Release|Any CPU
		{5111D237-D27A-450F-94E1-CAA25A2D65C0}.Debug|Any CPU.ActiveCfg = Debug|Any CPU
		{5111D237-D27A-450F-94E1-CAA25A2D65C0}.Debug|Any CPU.Build.0 = Debug|Any CPU
		{5111D237-D27A-450F-94E1-CAA25A2D65C0}.Release|Any CPU.ActiveCfg = Release|Any CPU
		{5111D237-D27A-450F-94E1-CAA25A2D65C0}.Release|Any CPU.Build.0 = Release|Any CPU
		{62BD0772-A936-43B9-964F-C8B0524866A4}.Debug|Any CPU.ActiveCfg = Debug|Any CPU
		{62BD0772-A936-43B9-964F-C8B0524866A4}.Debug|Any CPU.Build.0 = Debug|Any CPU
		{62BD0772-A936-43B9-964F-C8B0524866A4}.Release|Any CPU.ActiveCfg = Release|Any CPU
		{62BD0772-A936-43B9-964F-C8B0524866A4}.Release|Any CPU.Build.0 = Release|Any CPU
	EndGlobalSection
	GlobalSection(SolutionProperties) = preSolution
		HideSolutionNode = FALSE
	EndGlobalSection
EndGlobal
